// !$*UTF8*$!
{
	archiveVersion = 1;
	classes = {
	};
	objectVersion = 51;
	objects = {

/* Begin PBXBuildFile section */
		403ED9CE25E3755800422DFC /* ContentView.swift in Sources */ = {isa = PBXBuildFile; fileRef = 403ED9CD25E3755800422DFC /* ContentView.swift */; };
		40946D64266C80CB00E44B06 /* StorageViewController.swift in Sources */ = {isa = PBXBuildFile; fileRef = 40946D63266C80CB00E44B06 /* StorageViewController.swift */; };
		40F8244125C3F6D20007F6B6 /* TimerModeViewController.swift in Sources */ = {isa = PBXBuildFile; fileRef = 40F8244025C3F6D20007F6B6 /* TimerModeViewController.swift */; };
		44BA1546DE3D404BEEE6986E /* Pods_wat_r_wat_rUITests.framework in Frameworks */ = {isa = PBXBuildFile; fileRef = 875BA4EE13043436C02764E1 /* Pods_wat_r_wat_rUITests.framework */; };
		80914F6926E1F0241F95972E /* Pods_wat_rTests.framework in Frameworks */ = {isa = PBXBuildFile; fileRef = 19D35A3C1127F253A06A04B0 /* Pods_wat_rTests.framework */; };
		E72623EB25B560FD00BDEACF /* falling-drop-of-water.json in Resources */ = {isa = PBXBuildFile; fileRef = E72623EA25B560FD00BDEACF /* falling-drop-of-water.json */; };
		E72F5B43267E945200BFE14B /* storage_water.json in Resources */ = {isa = PBXBuildFile; fileRef = E72F5B42267E945200BFE14B /* storage_water.json */; };
		E7455A942683AA900075C1A9 /* oldWaterDrop(newColor).json in Resources */ = {isa = PBXBuildFile; fileRef = E7455A932683AA900075C1A9 /* oldWaterDrop(newColor).json */; };
		E75C74CC25AED25500071F18 /* AppDelegate.swift in Sources */ = {isa = PBXBuildFile; fileRef = E75C74CB25AED25500071F18 /* AppDelegate.swift */; };
		E75C74D025AED25500071F18 /* StopwatchModeViewController.swift in Sources */ = {isa = PBXBuildFile; fileRef = E75C74CF25AED25500071F18 /* StopwatchModeViewController.swift */; };
		E75C74D325AED25500071F18 /* Main.storyboard in Resources */ = {isa = PBXBuildFile; fileRef = E75C74D125AED25500071F18 /* Main.storyboard */; };
		E75C74D525AED25500071F18 /* Assets.xcassets in Resources */ = {isa = PBXBuildFile; fileRef = E75C74D425AED25500071F18 /* Assets.xcassets */; };
		E75C74E325AED25600071F18 /* wat_rTests.swift in Sources */ = {isa = PBXBuildFile; fileRef = E75C74E225AED25600071F18 /* wat_rTests.swift */; };
		E75C74EE25AED25600071F18 /* wat_rUITests.swift in Sources */ = {isa = PBXBuildFile; fileRef = E75C74ED25AED25600071F18 /* wat_rUITests.swift */; };
		E75C750225AEDB1B00071F18 /* SceneDelegate.swift in Sources */ = {isa = PBXBuildFile; fileRef = E75C750125AEDB1B00071F18 /* SceneDelegate.swift */; };
		E76AA06025B0182000759D36 /* SettingsScreenViewController.swift in Sources */ = {isa = PBXBuildFile; fileRef = E76AA05F25B0182000759D36 /* SettingsScreenViewController.swift */; };
		E7A19BA126800BD9003E354E /* newWaterdrop.json in Resources */ = {isa = PBXBuildFile; fileRef = E7A19BA026800BD9003E354E /* newWaterdrop.json */; };
		E7A19BA326800CB9003E354E /* newWave.json in Resources */ = {isa = PBXBuildFile; fileRef = E7A19BA226800CB9003E354E /* newWave.json */; };
		EA0E4BD9EA7120B26A87D044 /* Pods_wat_r.framework in Frameworks */ = {isa = PBXBuildFile; fileRef = D094E509F8A78CDE62164D84 /* Pods_wat_r.framework */; };
/* End PBXBuildFile section */

/* Begin PBXContainerItemProxy section */
		E75C74DF25AED25600071F18 /* PBXContainerItemProxy */ = {
			isa = PBXContainerItemProxy;
			containerPortal = E75C74C025AED25500071F18 /* Project object */;
			proxyType = 1;
			remoteGlobalIDString = E75C74C725AED25500071F18;
			remoteInfo = wat_r;
		};
		E75C74EA25AED25600071F18 /* PBXContainerItemProxy */ = {
			isa = PBXContainerItemProxy;
			containerPortal = E75C74C025AED25500071F18 /* Project object */;
			proxyType = 1;
			remoteGlobalIDString = E75C74C725AED25500071F18;
			remoteInfo = wat_r;
		};
/* End PBXContainerItemProxy section */

/* Begin PBXFileReference section */
		19D35A3C1127F253A06A04B0 /* Pods_wat_rTests.framework */ = {isa = PBXFileReference; explicitFileType = wrapper.framework; includeInIndex = 0; path = Pods_wat_rTests.framework; sourceTree = BUILT_PRODUCTS_DIR; };
		2063DA373D5DC02BB534CFE5 /* Pods-wat_r-wat_rUITests.debug.xcconfig */ = {isa = PBXFileReference; includeInIndex = 1; lastKnownFileType = text.xcconfig; name = "Pods-wat_r-wat_rUITests.debug.xcconfig"; path = "Target Support Files/Pods-wat_r-wat_rUITests/Pods-wat_r-wat_rUITests.debug.xcconfig"; sourceTree = "<group>"; };
		403ED9CD25E3755800422DFC /* ContentView.swift */ = {isa = PBXFileReference; lastKnownFileType = sourcecode.swift; path = ContentView.swift; sourceTree = "<group>"; };
		40946D63266C80CB00E44B06 /* StorageViewController.swift */ = {isa = PBXFileReference; lastKnownFileType = sourcecode.swift; path = StorageViewController.swift; sourceTree = "<group>"; };
		40F8244025C3F6D20007F6B6 /* TimerModeViewController.swift */ = {isa = PBXFileReference; lastKnownFileType = sourcecode.swift; path = TimerModeViewController.swift; sourceTree = "<group>"; };
		50F70F4244D92CC5F69DD6E6 /* Pods-wat_r.release.xcconfig */ = {isa = PBXFileReference; includeInIndex = 1; lastKnownFileType = text.xcconfig; name = "Pods-wat_r.release.xcconfig"; path = "Target Support Files/Pods-wat_r/Pods-wat_r.release.xcconfig"; sourceTree = "<group>"; };
		577ABBA5A4D4B7DDB5C40AAC /* Pods-wat_r.debug.xcconfig */ = {isa = PBXFileReference; includeInIndex = 1; lastKnownFileType = text.xcconfig; name = "Pods-wat_r.debug.xcconfig"; path = "Target Support Files/Pods-wat_r/Pods-wat_r.debug.xcconfig"; sourceTree = "<group>"; };
		5CB5EB3CE29F0794462C8032 /* Pods-wat_rTests.debug.xcconfig */ = {isa = PBXFileReference; includeInIndex = 1; lastKnownFileType = text.xcconfig; name = "Pods-wat_rTests.debug.xcconfig"; path = "Target Support Files/Pods-wat_rTests/Pods-wat_rTests.debug.xcconfig"; sourceTree = "<group>"; };
		65A7CF1790BEA4A6CC0535BC /* Pods-wat_r-wat_rUITests.release.xcconfig */ = {isa = PBXFileReference; includeInIndex = 1; lastKnownFileType = text.xcconfig; name = "Pods-wat_r-wat_rUITests.release.xcconfig"; path = "Target Support Files/Pods-wat_r-wat_rUITests/Pods-wat_r-wat_rUITests.release.xcconfig"; sourceTree = "<group>"; };
		875BA4EE13043436C02764E1 /* Pods_wat_r_wat_rUITests.framework */ = {isa = PBXFileReference; explicitFileType = wrapper.framework; includeInIndex = 0; path = Pods_wat_r_wat_rUITests.framework; sourceTree = BUILT_PRODUCTS_DIR; };
		A5944601B461011E01AC0F47 /* Pods-wat_rTests.release.xcconfig */ = {isa = PBXFileReference; includeInIndex = 1; lastKnownFileType = text.xcconfig; name = "Pods-wat_rTests.release.xcconfig"; path = "Target Support Files/Pods-wat_rTests/Pods-wat_rTests.release.xcconfig"; sourceTree = "<group>"; };
		D094E509F8A78CDE62164D84 /* Pods_wat_r.framework */ = {isa = PBXFileReference; explicitFileType = wrapper.framework; includeInIndex = 0; path = Pods_wat_r.framework; sourceTree = BUILT_PRODUCTS_DIR; };
		E72623EA25B560FD00BDEACF /* falling-drop-of-water.json */ = {isa = PBXFileReference; fileEncoding = 4; lastKnownFileType = text.json; path = "falling-drop-of-water.json"; sourceTree = "<group>"; };
		E72F5B42267E945200BFE14B /* storage_water.json */ = {isa = PBXFileReference; fileEncoding = 4; lastKnownFileType = text.json; path = storage_water.json; sourceTree = "<group>"; };
		E7455A932683AA900075C1A9 /* oldWaterDrop(newColor).json */ = {isa = PBXFileReference; fileEncoding = 4; lastKnownFileType = text.json; path = "oldWaterDrop(newColor).json"; sourceTree = "<group>"; };
		E75C74C825AED25500071F18 /* wat_r.app */ = {isa = PBXFileReference; explicitFileType = wrapper.application; includeInIndex = 0; path = wat_r.app; sourceTree = BUILT_PRODUCTS_DIR; };
		E75C74CB25AED25500071F18 /* AppDelegate.swift */ = {isa = PBXFileReference; lastKnownFileType = sourcecode.swift; path = AppDelegate.swift; sourceTree = "<group>"; };
		E75C74CF25AED25500071F18 /* StopwatchModeViewController.swift */ = {isa = PBXFileReference; lastKnownFileType = sourcecode.swift; path = StopwatchModeViewController.swift; sourceTree = "<group>"; };
		E75C74D225AED25500071F18 /* Base */ = {isa = PBXFileReference; lastKnownFileType = file.storyboard; name = Base; path = Base.lproj/Main.storyboard; sourceTree = "<group>"; };
		E75C74D425AED25500071F18 /* Assets.xcassets */ = {isa = PBXFileReference; lastKnownFileType = folder.assetcatalog; path = Assets.xcassets; sourceTree = "<group>"; };
		E75C74D925AED25500071F18 /* Info.plist */ = {isa = PBXFileReference; lastKnownFileType = text.plist.xml; path = Info.plist; sourceTree = "<group>"; };
		E75C74DE25AED25600071F18 /* wat_rTests.xctest */ = {isa = PBXFileReference; explicitFileType = wrapper.cfbundle; includeInIndex = 0; path = wat_rTests.xctest; sourceTree = BUILT_PRODUCTS_DIR; };
		E75C74E225AED25600071F18 /* wat_rTests.swift */ = {isa = PBXFileReference; lastKnownFileType = sourcecode.swift; path = wat_rTests.swift; sourceTree = "<group>"; };
		E75C74E425AED25600071F18 /* Info.plist */ = {isa = PBXFileReference; lastKnownFileType = text.plist.xml; path = Info.plist; sourceTree = "<group>"; };
		E75C74E925AED25600071F18 /* wat_rUITests.xctest */ = {isa = PBXFileReference; explicitFileType = wrapper.cfbundle; includeInIndex = 0; path = wat_rUITests.xctest; sourceTree = BUILT_PRODUCTS_DIR; };
		E75C74ED25AED25600071F18 /* wat_rUITests.swift */ = {isa = PBXFileReference; lastKnownFileType = sourcecode.swift; path = wat_rUITests.swift; sourceTree = "<group>"; };
		E75C74EF25AED25600071F18 /* Info.plist */ = {isa = PBXFileReference; lastKnownFileType = text.plist.xml; path = Info.plist; sourceTree = "<group>"; };
		E75C750125AEDB1B00071F18 /* SceneDelegate.swift */ = {isa = PBXFileReference; fileEncoding = 4; lastKnownFileType = sourcecode.swift; path = SceneDelegate.swift; sourceTree = "<group>"; };
		E76AA05F25B0182000759D36 /* SettingsScreenViewController.swift */ = {isa = PBXFileReference; lastKnownFileType = sourcecode.swift; path = SettingsScreenViewController.swift; sourceTree = "<group>"; };
		E7A19BA026800BD9003E354E /* newWaterdrop.json */ = {isa = PBXFileReference; fileEncoding = 4; lastKnownFileType = text.json; path = newWaterdrop.json; sourceTree = "<group>"; };
		E7A19BA226800CB9003E354E /* newWave.json */ = {isa = PBXFileReference; fileEncoding = 4; lastKnownFileType = text.json; path = newWave.json; sourceTree = "<group>"; };
/* End PBXFileReference section */

/* Begin PBXFrameworksBuildPhase section */
		E75C74C525AED25500071F18 /* Frameworks */ = {
			isa = PBXFrameworksBuildPhase;
			buildActionMask = 2147483647;
			files = (
				EA0E4BD9EA7120B26A87D044 /* Pods_wat_r.framework in Frameworks */,
			);
			runOnlyForDeploymentPostprocessing = 0;
		};
		E75C74DB25AED25600071F18 /* Frameworks */ = {
			isa = PBXFrameworksBuildPhase;
			buildActionMask = 2147483647;
			files = (
				80914F6926E1F0241F95972E /* Pods_wat_rTests.framework in Frameworks */,
			);
			runOnlyForDeploymentPostprocessing = 0;
		};
		E75C74E625AED25600071F18 /* Frameworks */ = {
			isa = PBXFrameworksBuildPhase;
			buildActionMask = 2147483647;
			files = (
				44BA1546DE3D404BEEE6986E /* Pods_wat_r_wat_rUITests.framework in Frameworks */,
			);
			runOnlyForDeploymentPostprocessing = 0;
		};
/* End PBXFrameworksBuildPhase section */

/* Begin PBXGroup section */
		77C98D6B5B408A85D7C1542C /* Pods */ = {
			isa = PBXGroup;
			children = (
				577ABBA5A4D4B7DDB5C40AAC /* Pods-wat_r.debug.xcconfig */,
				50F70F4244D92CC5F69DD6E6 /* Pods-wat_r.release.xcconfig */,
				2063DA373D5DC02BB534CFE5 /* Pods-wat_r-wat_rUITests.debug.xcconfig */,
				65A7CF1790BEA4A6CC0535BC /* Pods-wat_r-wat_rUITests.release.xcconfig */,
				5CB5EB3CE29F0794462C8032 /* Pods-wat_rTests.debug.xcconfig */,
				A5944601B461011E01AC0F47 /* Pods-wat_rTests.release.xcconfig */,
			);
			path = Pods;
			sourceTree = "<group>";
		};
		E75C74BF25AED25500071F18 = {
			isa = PBXGroup;
			children = (
				E75C74CA25AED25500071F18 /* wat_r */,
				E75C74E125AED25600071F18 /* wat_rTests */,
				E75C74EC25AED25600071F18 /* wat_rUITests */,
				E75C74C925AED25500071F18 /* Products */,
				77C98D6B5B408A85D7C1542C /* Pods */,
				F1B5EF5BC133A42F8446BEF7 /* Frameworks */,
			);
			sourceTree = "<group>";
		};
		E75C74C925AED25500071F18 /* Products */ = {
			isa = PBXGroup;
			children = (
				E75C74C825AED25500071F18 /* wat_r.app */,
				E75C74DE25AED25600071F18 /* wat_rTests.xctest */,
				E75C74E925AED25600071F18 /* wat_rUITests.xctest */,
			);
			name = Products;
			sourceTree = "<group>";
		};
		E75C74CA25AED25500071F18 /* wat_r */ = {
			isa = PBXGroup;
			children = (
				E72623EA25B560FD00BDEACF /* falling-drop-of-water.json */,
				E7455A932683AA900075C1A9 /* oldWaterDrop(newColor).json */,
				E7A19BA026800BD9003E354E /* newWaterdrop.json */,
				E72F5B42267E945200BFE14B /* storage_water.json */,
				E7A19BA226800CB9003E354E /* newWave.json */,
				E75C74CB25AED25500071F18 /* AppDelegate.swift */,
				403ED9CD25E3755800422DFC /* ContentView.swift */,
				E75C750125AEDB1B00071F18 /* SceneDelegate.swift */,
				E76AA05F25B0182000759D36 /* SettingsScreenViewController.swift */,
				E75C74CF25AED25500071F18 /* StopwatchModeViewController.swift */,
				40946D63266C80CB00E44B06 /* StorageViewController.swift */,
				40F8244025C3F6D20007F6B6 /* TimerModeViewController.swift */,
				E75C74D125AED25500071F18 /* Main.storyboard */,
				E75C74D425AED25500071F18 /* Assets.xcassets */,
				E75C74D925AED25500071F18 /* Info.plist */,
			);
			path = wat_r;
			sourceTree = "<group>";
		};
		E75C74E125AED25600071F18 /* wat_rTests */ = {
			isa = PBXGroup;
			children = (
				E75C74E225AED25600071F18 /* wat_rTests.swift */,
				E75C74E425AED25600071F18 /* Info.plist */,
			);
			path = wat_rTests;
			sourceTree = "<group>";
		};
		E75C74EC25AED25600071F18 /* wat_rUITests */ = {
			isa = PBXGroup;
			children = (
				E75C74ED25AED25600071F18 /* wat_rUITests.swift */,
				E75C74EF25AED25600071F18 /* Info.plist */,
			);
			path = wat_rUITests;
			sourceTree = "<group>";
		};
		F1B5EF5BC133A42F8446BEF7 /* Frameworks */ = {
			isa = PBXGroup;
			children = (
				D094E509F8A78CDE62164D84 /* Pods_wat_r.framework */,
				875BA4EE13043436C02764E1 /* Pods_wat_r_wat_rUITests.framework */,
				19D35A3C1127F253A06A04B0 /* Pods_wat_rTests.framework */,
			);
			name = Frameworks;
			sourceTree = "<group>";
		};
/* End PBXGroup section */

/* Begin PBXNativeTarget section */
		E75C74C725AED25500071F18 /* wat_r */ = {
			isa = PBXNativeTarget;
			buildConfigurationList = E75C74F225AED25600071F18 /* Build configuration list for PBXNativeTarget "wat_r" */;
			buildPhases = (
				4491A3661CDB57C7C6B5540D /* [CP] Check Pods Manifest.lock */,
				E75C74C425AED25500071F18 /* Sources */,
				E75C74C525AED25500071F18 /* Frameworks */,
				E75C74C625AED25500071F18 /* Resources */,
				2E9B86CE97773A9F29D54D36 /* [CP] Embed Pods Frameworks */,
			);
			buildRules = (
			);
			dependencies = (
			);
			name = wat_r;
			productName = wat_r;
			productReference = E75C74C825AED25500071F18 /* wat_r.app */;
			productType = "com.apple.product-type.application";
		};
		E75C74DD25AED25600071F18 /* wat_rTests */ = {
			isa = PBXNativeTarget;
			buildConfigurationList = E75C74F525AED25600071F18 /* Build configuration list for PBXNativeTarget "wat_rTests" */;
			buildPhases = (
				DB4643A6C7B591BE3677632F /* [CP] Check Pods Manifest.lock */,
				E75C74DA25AED25600071F18 /* Sources */,
				E75C74DB25AED25600071F18 /* Frameworks */,
				E75C74DC25AED25600071F18 /* Resources */,
			);
			buildRules = (
			);
			dependencies = (
				E75C74E025AED25600071F18 /* PBXTargetDependency */,
			);
			name = wat_rTests;
			productName = wat_rTests;
			productReference = E75C74DE25AED25600071F18 /* wat_rTests.xctest */;
			productType = "com.apple.product-type.bundle.unit-test";
		};
		E75C74E825AED25600071F18 /* wat_rUITests */ = {
			isa = PBXNativeTarget;
			buildConfigurationList = E75C74F825AED25600071F18 /* Build configuration list for PBXNativeTarget "wat_rUITests" */;
			buildPhases = (
				28798D8B7DF391DD243B52F0 /* [CP] Check Pods Manifest.lock */,
				E75C74E525AED25600071F18 /* Sources */,
				E75C74E625AED25600071F18 /* Frameworks */,
				E75C74E725AED25600071F18 /* Resources */,
				942EB252035A8F97EB36A4D9 /* [CP] Embed Pods Frameworks */,
			);
			buildRules = (
			);
			dependencies = (
				E75C74EB25AED25600071F18 /* PBXTargetDependency */,
			);
			name = wat_rUITests;
			productName = wat_rUITests;
			productReference = E75C74E925AED25600071F18 /* wat_rUITests.xctest */;
			productType = "com.apple.product-type.bundle.ui-testing";
		};
/* End PBXNativeTarget section */

/* Begin PBXProject section */
		E75C74C025AED25500071F18 /* Project object */ = {
			isa = PBXProject;
			attributes = {
				LastSwiftUpdateCheck = 1230;
				LastUpgradeCheck = 1230;
				TargetAttributes = {
					E75C74C725AED25500071F18 = {
						CreatedOnToolsVersion = 12.3;
					};
					E75C74DD25AED25600071F18 = {
						CreatedOnToolsVersion = 12.3;
						TestTargetID = E75C74C725AED25500071F18;
					};
					E75C74E825AED25600071F18 = {
						CreatedOnToolsVersion = 12.3;
						TestTargetID = E75C74C725AED25500071F18;
					};
				};
			};
			buildConfigurationList = E75C74C325AED25500071F18 /* Build configuration list for PBXProject "wat_r" */;
			compatibilityVersion = "Xcode 9.3";
			developmentRegion = en;
			hasScannedForEncodings = 0;
			knownRegions = (
				en,
				Base,
			);
			mainGroup = E75C74BF25AED25500071F18;
			productRefGroup = E75C74C925AED25500071F18 /* Products */;
			projectDirPath = "";
			projectRoot = "";
			targets = (
				E75C74C725AED25500071F18 /* wat_r */,
				E75C74DD25AED25600071F18 /* wat_rTests */,
				E75C74E825AED25600071F18 /* wat_rUITests */,
			);
		};
/* End PBXProject section */

/* Begin PBXResourcesBuildPhase section */
		E75C74C625AED25500071F18 /* Resources */ = {
			isa = PBXResourcesBuildPhase;
			buildActionMask = 2147483647;
			files = (
				E75C74D525AED25500071F18 /* Assets.xcassets in Resources */,
				E72F5B43267E945200BFE14B /* storage_water.json in Resources */,
				E7A19BA126800BD9003E354E /* newWaterdrop.json in Resources */,
				E7455A942683AA900075C1A9 /* oldWaterDrop(newColor).json in Resources */,
				E75C74D325AED25500071F18 /* Main.storyboard in Resources */,
				E72623EB25B560FD00BDEACF /* falling-drop-of-water.json in Resources */,
				E7A19BA326800CB9003E354E /* newWave.json in Resources */,
			);
			runOnlyForDeploymentPostprocessing = 0;
		};
		E75C74DC25AED25600071F18 /* Resources */ = {
			isa = PBXResourcesBuildPhase;
			buildActionMask = 2147483647;
			files = (
			);
			runOnlyForDeploymentPostprocessing = 0;
		};
		E75C74E725AED25600071F18 /* Resources */ = {
			isa = PBXResourcesBuildPhase;
			buildActionMask = 2147483647;
			files = (
			);
			runOnlyForDeploymentPostprocessing = 0;
		};
/* End PBXResourcesBuildPhase section */

/* Begin PBXShellScriptBuildPhase section */
		28798D8B7DF391DD243B52F0 /* [CP] Check Pods Manifest.lock */ = {
			isa = PBXShellScriptBuildPhase;
			buildActionMask = 2147483647;
			files = (
			);
			inputFileListPaths = (
			);
			inputPaths = (
				"${PODS_PODFILE_DIR_PATH}/Podfile.lock",
				"${PODS_ROOT}/Manifest.lock",
			);
			name = "[CP] Check Pods Manifest.lock";
			outputFileListPaths = (
			);
			outputPaths = (
				"$(DERIVED_FILE_DIR)/Pods-wat_r-wat_rUITests-checkManifestLockResult.txt",
			);
			runOnlyForDeploymentPostprocessing = 0;
			shellPath = /bin/sh;
			shellScript = "diff \"${PODS_PODFILE_DIR_PATH}/Podfile.lock\" \"${PODS_ROOT}/Manifest.lock\" > /dev/null\nif [ $? != 0 ] ; then\n    # print error to STDERR\n    echo \"error: The sandbox is not in sync with the Podfile.lock. Run 'pod install' or update your CocoaPods installation.\" >&2\n    exit 1\nfi\n# This output is used by Xcode 'outputs' to avoid re-running this script phase.\necho \"SUCCESS\" > \"${SCRIPT_OUTPUT_FILE_0}\"\n";
			showEnvVarsInLog = 0;
		};
		2E9B86CE97773A9F29D54D36 /* [CP] Embed Pods Frameworks */ = {
			isa = PBXShellScriptBuildPhase;
			buildActionMask = 2147483647;
			files = (
			);
			inputFileListPaths = (
				"${PODS_ROOT}/Target Support Files/Pods-wat_r/Pods-wat_r-frameworks-${CONFIGURATION}-input-files.xcfilelist",
			);
			name = "[CP] Embed Pods Frameworks";
			outputFileListPaths = (
				"${PODS_ROOT}/Target Support Files/Pods-wat_r/Pods-wat_r-frameworks-${CONFIGURATION}-output-files.xcfilelist",
			);
			runOnlyForDeploymentPostprocessing = 0;
			shellPath = /bin/sh;
			shellScript = "\"${PODS_ROOT}/Target Support Files/Pods-wat_r/Pods-wat_r-frameworks.sh\"\n";
			showEnvVarsInLog = 0;
		};
		4491A3661CDB57C7C6B5540D /* [CP] Check Pods Manifest.lock */ = {
			isa = PBXShellScriptBuildPhase;
			buildActionMask = 2147483647;
			files = (
			);
			inputFileListPaths = (
			);
			inputPaths = (
				"${PODS_PODFILE_DIR_PATH}/Podfile.lock",
				"${PODS_ROOT}/Manifest.lock",
			);
			name = "[CP] Check Pods Manifest.lock";
			outputFileListPaths = (
			);
			outputPaths = (
				"$(DERIVED_FILE_DIR)/Pods-wat_r-checkManifestLockResult.txt",
			);
			runOnlyForDeploymentPostprocessing = 0;
			shellPath = /bin/sh;
			shellScript = "diff \"${PODS_PODFILE_DIR_PATH}/Podfile.lock\" \"${PODS_ROOT}/Manifest.lock\" > /dev/null\nif [ $? != 0 ] ; then\n    # print error to STDERR\n    echo \"error: The sandbox is not in sync with the Podfile.lock. Run 'pod install' or update your CocoaPods installation.\" >&2\n    exit 1\nfi\n# This output is used by Xcode 'outputs' to avoid re-running this script phase.\necho \"SUCCESS\" > \"${SCRIPT_OUTPUT_FILE_0}\"\n";
			showEnvVarsInLog = 0;
		};
		942EB252035A8F97EB36A4D9 /* [CP] Embed Pods Frameworks */ = {
			isa = PBXShellScriptBuildPhase;
			buildActionMask = 2147483647;
			files = (
			);
			inputFileListPaths = (
				"${PODS_ROOT}/Target Support Files/Pods-wat_r-wat_rUITests/Pods-wat_r-wat_rUITests-frameworks-${CONFIGURATION}-input-files.xcfilelist",
			);
			name = "[CP] Embed Pods Frameworks";
			outputFileListPaths = (
				"${PODS_ROOT}/Target Support Files/Pods-wat_r-wat_rUITests/Pods-wat_r-wat_rUITests-frameworks-${CONFIGURATION}-output-files.xcfilelist",
			);
			runOnlyForDeploymentPostprocessing = 0;
			shellPath = /bin/sh;
			shellScript = "\"${PODS_ROOT}/Target Support Files/Pods-wat_r-wat_rUITests/Pods-wat_r-wat_rUITests-frameworks.sh\"\n";
			showEnvVarsInLog = 0;
		};
		DB4643A6C7B591BE3677632F /* [CP] Check Pods Manifest.lock */ = {
			isa = PBXShellScriptBuildPhase;
			buildActionMask = 2147483647;
			files = (
			);
			inputFileListPaths = (
			);
			inputPaths = (
				"${PODS_PODFILE_DIR_PATH}/Podfile.lock",
				"${PODS_ROOT}/Manifest.lock",
			);
			name = "[CP] Check Pods Manifest.lock";
			outputFileListPaths = (
			);
			outputPaths = (
				"$(DERIVED_FILE_DIR)/Pods-wat_rTests-checkManifestLockResult.txt",
			);
			runOnlyForDeploymentPostprocessing = 0;
			shellPath = /bin/sh;
			shellScript = "diff \"${PODS_PODFILE_DIR_PATH}/Podfile.lock\" \"${PODS_ROOT}/Manifest.lock\" > /dev/null\nif [ $? != 0 ] ; then\n    # print error to STDERR\n    echo \"error: The sandbox is not in sync with the Podfile.lock. Run 'pod install' or update your CocoaPods installation.\" >&2\n    exit 1\nfi\n# This output is used by Xcode 'outputs' to avoid re-running this script phase.\necho \"SUCCESS\" > \"${SCRIPT_OUTPUT_FILE_0}\"\n";
			showEnvVarsInLog = 0;
		};
/* End PBXShellScriptBuildPhase section */

/* Begin PBXSourcesBuildPhase section */
		E75C74C425AED25500071F18 /* Sources */ = {
			isa = PBXSourcesBuildPhase;
			buildActionMask = 2147483647;
			files = (
				E75C74D025AED25500071F18 /* StopwatchModeViewController.swift in Sources */,
				403ED9CE25E3755800422DFC /* ContentView.swift in Sources */,
				40F8244125C3F6D20007F6B6 /* TimerModeViewController.swift in Sources */,
				40946D64266C80CB00E44B06 /* StorageViewController.swift in Sources */,
				E76AA06025B0182000759D36 /* SettingsScreenViewController.swift in Sources */,
				E75C74CC25AED25500071F18 /* AppDelegate.swift in Sources */,
				E75C750225AEDB1B00071F18 /* SceneDelegate.swift in Sources */,
			);
			runOnlyForDeploymentPostprocessing = 0;
		};
		E75C74DA25AED25600071F18 /* Sources */ = {
			isa = PBXSourcesBuildPhase;
			buildActionMask = 2147483647;
			files = (
				E75C74E325AED25600071F18 /* wat_rTests.swift in Sources */,
			);
			runOnlyForDeploymentPostprocessing = 0;
		};
		E75C74E525AED25600071F18 /* Sources */ = {
			isa = PBXSourcesBuildPhase;
			buildActionMask = 2147483647;
			files = (
				E75C74EE25AED25600071F18 /* wat_rUITests.swift in Sources */,
			);
			runOnlyForDeploymentPostprocessing = 0;
		};
/* End PBXSourcesBuildPhase section */

/* Begin PBXTargetDependency section */
		E75C74E025AED25600071F18 /* PBXTargetDependency */ = {
			isa = PBXTargetDependency;
			target = E75C74C725AED25500071F18 /* wat_r */;
			targetProxy = E75C74DF25AED25600071F18 /* PBXContainerItemProxy */;
		};
		E75C74EB25AED25600071F18 /* PBXTargetDependency */ = {
			isa = PBXTargetDependency;
			target = E75C74C725AED25500071F18 /* wat_r */;
			targetProxy = E75C74EA25AED25600071F18 /* PBXContainerItemProxy */;
		};
/* End PBXTargetDependency section */

/* Begin PBXVariantGroup section */
		E75C74D125AED25500071F18 /* Main.storyboard */ = {
			isa = PBXVariantGroup;
			children = (
				E75C74D225AED25500071F18 /* Base */,
			);
			name = Main.storyboard;
			sourceTree = "<group>";
		};
/* End PBXVariantGroup section */

/* Begin XCBuildConfiguration section */
		E75C74F025AED25600071F18 /* Debug */ = {
			isa = XCBuildConfiguration;
			buildSettings = {
				ALWAYS_SEARCH_USER_PATHS = NO;
				CLANG_ANALYZER_NONNULL = YES;
				CLANG_ANALYZER_NUMBER_OBJECT_CONVERSION = YES_AGGRESSIVE;
				CLANG_CXX_LANGUAGE_STANDARD = "gnu++14";
				CLANG_CXX_LIBRARY = "libc++";
				CLANG_ENABLE_MODULES = YES;
				CLANG_ENABLE_OBJC_ARC = YES;
				CLANG_ENABLE_OBJC_WEAK = YES;
				CLANG_WARN_BLOCK_CAPTURE_AUTORELEASING = YES;
				CLANG_WARN_BOOL_CONVERSION = YES;
				CLANG_WARN_COMMA = YES;
				CLANG_WARN_CONSTANT_CONVERSION = YES;
				CLANG_WARN_DEPRECATED_OBJC_IMPLEMENTATIONS = YES;
				CLANG_WARN_DIRECT_OBJC_ISA_USAGE = YES_ERROR;
				CLANG_WARN_DOCUMENTATION_COMMENTS = YES;
				CLANG_WARN_EMPTY_BODY = YES;
				CLANG_WARN_ENUM_CONVERSION = YES;
				CLANG_WARN_INFINITE_RECURSION = YES;
				CLANG_WARN_INT_CONVERSION = YES;
				CLANG_WARN_NON_LITERAL_NULL_CONVERSION = YES;
				CLANG_WARN_OBJC_IMPLICIT_RETAIN_SELF = YES;
				CLANG_WARN_OBJC_LITERAL_CONVERSION = YES;
				CLANG_WARN_OBJC_ROOT_CLASS = YES_ERROR;
				CLANG_WARN_QUOTED_INCLUDE_IN_FRAMEWORK_HEADER = YES;
				CLANG_WARN_RANGE_LOOP_ANALYSIS = YES;
				CLANG_WARN_STRICT_PROTOTYPES = YES;
				CLANG_WARN_SUSPICIOUS_MOVE = YES;
				CLANG_WARN_UNGUARDED_AVAILABILITY = YES_AGGRESSIVE;
				CLANG_WARN_UNREACHABLE_CODE = YES;
				CLANG_WARN__DUPLICATE_METHOD_MATCH = YES;
				COPY_PHASE_STRIP = NO;
				DEBUG_INFORMATION_FORMAT = dwarf;
				ENABLE_STRICT_OBJC_MSGSEND = YES;
				ENABLE_TESTABILITY = YES;
				GCC_C_LANGUAGE_STANDARD = gnu11;
				GCC_DYNAMIC_NO_PIC = NO;
				GCC_NO_COMMON_BLOCKS = YES;
				GCC_OPTIMIZATION_LEVEL = 0;
				GCC_PREPROCESSOR_DEFINITIONS = (
					"DEBUG=1",
					"$(inherited)",
				);
				GCC_WARN_64_TO_32_BIT_CONVERSION = YES;
				GCC_WARN_ABOUT_RETURN_TYPE = YES_ERROR;
				GCC_WARN_UNDECLARED_SELECTOR = YES;
				GCC_WARN_UNINITIALIZED_AUTOS = YES_AGGRESSIVE;
				GCC_WARN_UNUSED_FUNCTION = YES;
				GCC_WARN_UNUSED_VARIABLE = YES;
				IPHONEOS_DEPLOYMENT_TARGET = 14.3;
				MTL_ENABLE_DEBUG_INFO = INCLUDE_SOURCE;
				MTL_FAST_MATH = YES;
				ONLY_ACTIVE_ARCH = YES;
				SDKROOT = iphoneos;
				SWIFT_ACTIVE_COMPILATION_CONDITIONS = DEBUG;
				SWIFT_OPTIMIZATION_LEVEL = "-Onone";
			};
			name = Debug;
		};
		E75C74F125AED25600071F18 /* Release */ = {
			isa = XCBuildConfiguration;
			buildSettings = {
				ALWAYS_SEARCH_USER_PATHS = NO;
				CLANG_ANALYZER_NONNULL = YES;
				CLANG_ANALYZER_NUMBER_OBJECT_CONVERSION = YES_AGGRESSIVE;
				CLANG_CXX_LANGUAGE_STANDARD = "gnu++14";
				CLANG_CXX_LIBRARY = "libc++";
				CLANG_ENABLE_MODULES = YES;
				CLANG_ENABLE_OBJC_ARC = YES;
				CLANG_ENABLE_OBJC_WEAK = YES;
				CLANG_WARN_BLOCK_CAPTURE_AUTORELEASING = YES;
				CLANG_WARN_BOOL_CONVERSION = YES;
				CLANG_WARN_COMMA = YES;
				CLANG_WARN_CONSTANT_CONVERSION = YES;
				CLANG_WARN_DEPRECATED_OBJC_IMPLEMENTATIONS = YES;
				CLANG_WARN_DIRECT_OBJC_ISA_USAGE = YES_ERROR;
				CLANG_WARN_DOCUMENTATION_COMMENTS = YES;
				CLANG_WARN_EMPTY_BODY = YES;
				CLANG_WARN_ENUM_CONVERSION = YES;
				CLANG_WARN_INFINITE_RECURSION = YES;
				CLANG_WARN_INT_CONVERSION = YES;
				CLANG_WARN_NON_LITERAL_NULL_CONVERSION = YES;
				CLANG_WARN_OBJC_IMPLICIT_RETAIN_SELF = YES;
				CLANG_WARN_OBJC_LITERAL_CONVERSION = YES;
				CLANG_WARN_OBJC_ROOT_CLASS = YES_ERROR;
				CLANG_WARN_QUOTED_INCLUDE_IN_FRAMEWORK_HEADER = YES;
				CLANG_WARN_RANGE_LOOP_ANALYSIS = YES;
				CLANG_WARN_STRICT_PROTOTYPES = YES;
				CLANG_WARN_SUSPICIOUS_MOVE = YES;
				CLANG_WARN_UNGUARDED_AVAILABILITY = YES_AGGRESSIVE;
				CLANG_WARN_UNREACHABLE_CODE = YES;
				CLANG_WARN__DUPLICATE_METHOD_MATCH = YES;
				COPY_PHASE_STRIP = NO;
				DEBUG_INFORMATION_FORMAT = "dwarf-with-dsym";
				ENABLE_NS_ASSERTIONS = NO;
				ENABLE_STRICT_OBJC_MSGSEND = YES;
				GCC_C_LANGUAGE_STANDARD = gnu11;
				GCC_NO_COMMON_BLOCKS = YES;
				GCC_WARN_64_TO_32_BIT_CONVERSION = YES;
				GCC_WARN_ABOUT_RETURN_TYPE = YES_ERROR;
				GCC_WARN_UNDECLARED_SELECTOR = YES;
				GCC_WARN_UNINITIALIZED_AUTOS = YES_AGGRESSIVE;
				GCC_WARN_UNUSED_FUNCTION = YES;
				GCC_WARN_UNUSED_VARIABLE = YES;
				IPHONEOS_DEPLOYMENT_TARGET = 14.3;
				MTL_ENABLE_DEBUG_INFO = NO;
				MTL_FAST_MATH = YES;
				SDKROOT = iphoneos;
				SWIFT_COMPILATION_MODE = wholemodule;
				SWIFT_OPTIMIZATION_LEVEL = "-O";
				VALIDATE_PRODUCT = YES;
			};
			name = Release;
		};
		E75C74F325AED25600071F18 /* Debug */ = {
			isa = XCBuildConfiguration;
			baseConfigurationReference = 577ABBA5A4D4B7DDB5C40AAC /* Pods-wat_r.debug.xcconfig */;
			buildSettings = {
				ASSETCATALOG_COMPILER_APPICON_NAME = AppIcon;
				ASSETCATALOG_COMPILER_GLOBAL_ACCENT_COLOR_NAME = AccentColor;
				CODE_SIGN_STYLE = Automatic;
				DEVELOPMENT_TEAM = N7XTJ3T26Z;
				HEADER_SEARCH_PATHS = "${SRCROOT}";
				INFOPLIST_FILE = wat_r/Info.plist;
				LD_RUNPATH_SEARCH_PATHS = (
					"$(inherited)",
					"@executable_path/Frameworks",
				);
				PRODUCT_BUNDLE_IDENTIFIER = "com.mycompany.wat-r";
				PRODUCT_NAME = "$(TARGET_NAME)";
				SWIFT_VERSION = 5.0;
				TARGETED_DEVICE_FAMILY = "1,2";
			};
			name = Debug;
		};
		E75C74F425AED25600071F18 /* Release */ = {
			isa = XCBuildConfiguration;
			baseConfigurationReference = 50F70F4244D92CC5F69DD6E6 /* Pods-wat_r.release.xcconfig */;
			buildSettings = {
				ASSETCATALOG_COMPILER_APPICON_NAME = AppIcon;
				ASSETCATALOG_COMPILER_GLOBAL_ACCENT_COLOR_NAME = AccentColor;
				CODE_SIGN_STYLE = Automatic;
				DEVELOPMENT_TEAM = N7XTJ3T26Z;
				HEADER_SEARCH_PATHS = "${SRCROOT}";
				INFOPLIST_FILE = wat_r/Info.plist;
				LD_RUNPATH_SEARCH_PATHS = (
					"$(inherited)",
					"@executable_path/Frameworks",
				);
				PRODUCT_BUNDLE_IDENTIFIER = "com.mycompany.wat-r";
				PRODUCT_NAME = "$(TARGET_NAME)";
				SWIFT_VERSION = 5.0;
				TARGETED_DEVICE_FAMILY = "1,2";
			};
			name = Release;
		};
		E75C74F625AED25600071F18 /* Debug */ = {
			isa = XCBuildConfiguration;
			baseConfigurationReference = 5CB5EB3CE29F0794462C8032 /* Pods-wat_rTests.debug.xcconfig */;
			buildSettings = {
				ALWAYS_EMBED_SWIFT_STANDARD_LIBRARIES = YES;
				BUNDLE_LOADER = "$(TEST_HOST)";
				CODE_SIGN_STYLE = Automatic;
				DEVELOPMENT_TEAM = N7XTJ3T26Z;
				INFOPLIST_FILE = wat_rTests/Info.plist;
				IPHONEOS_DEPLOYMENT_TARGET = 14.3;
				LD_RUNPATH_SEARCH_PATHS = (
					"$(inherited)",
					"@executable_path/Frameworks",
					"@loader_path/Frameworks",
				);
				PRODUCT_BUNDLE_IDENTIFIER = "com.mycompany.wat-rTests";
				PRODUCT_NAME = "$(TARGET_NAME)";
				SWIFT_VERSION = 5.0;
				TARGETED_DEVICE_FAMILY = "1,2";
				TEST_HOST = "$(BUILT_PRODUCTS_DIR)/wat_r.app/wat_r";
			};
			name = Debug;
		};
		E75C74F725AED25600071F18 /* Release */ = {
			isa = XCBuildConfiguration;
			baseConfigurationReference = A5944601B461011E01AC0F47 /* Pods-wat_rTests.release.xcconfig */;
			buildSettings = {
				ALWAYS_EMBED_SWIFT_STANDARD_LIBRARIES = YES;
				BUNDLE_LOADER = "$(TEST_HOST)";
				CODE_SIGN_STYLE = Automatic;
				DEVELOPMENT_TEAM = N7XTJ3T26Z;
				INFOPLIST_FILE = wat_rTests/Info.plist;
				IPHONEOS_DEPLOYMENT_TARGET = 14.3;
				LD_RUNPATH_SEARCH_PATHS = (
					"$(inherited)",
					"@executable_path/Frameworks",
					"@loader_path/Frameworks",
				);
				PRODUCT_BUNDLE_IDENTIFIER = "com.mycompany.wat-rTests";
				PRODUCT_NAME = "$(TARGET_NAME)";
				SWIFT_VERSION = 5.0;
				TARGETED_DEVICE_FAMILY = "1,2";
				TEST_HOST = "$(BUILT_PRODUCTS_DIR)/wat_r.app/wat_r";
			};
			name = Release;
		};
		E75C74F925AED25600071F18 /* Debug */ = {
			isa = XCBuildConfiguration;
			baseConfigurationReference = 2063DA373D5DC02BB534CFE5 /* Pods-wat_r-wat_rUITests.debug.xcconfig */;
			buildSettings = {
				ALWAYS_EMBED_SWIFT_STANDARD_LIBRARIES = YES;
				CODE_SIGN_STYLE = Automatic;
				DEVELOPMENT_TEAM = N7XTJ3T26Z;
				INFOPLIST_FILE = wat_rUITests/Info.plist;
				LD_RUNPATH_SEARCH_PATHS = (
					"$(inherited)",
					"@executable_path/Frameworks",
					"@loader_path/Frameworks",
				);
				PRODUCT_BUNDLE_IDENTIFIER = "com.mycompany.wat-rUITests";
				PRODUCT_NAME = "$(TARGET_NAME)";
				SWIFT_VERSION = 5.0;
				TARGETED_DEVICE_FAMILY = "1,2";
				TEST_TARGET_NAME = wat_r;
			};
			name = Debug;
		};
		E75C74FA25AED25600071F18 /* Release */ = {
			isa = XCBuildConfiguration;
			baseConfigurationReference = 65A7CF1790BEA4A6CC0535BC /* Pods-wat_r-wat_rUITests.release.xcconfig */;
			buildSettings = {
				ALWAYS_EMBED_SWIFT_STANDARD_LIBRARIES = YES;
				CODE_SIGN_STYLE = Automatic;
				DEVELOPMENT_TEAM = N7XTJ3T26Z;
				INFOPLIST_FILE = wat_rUITests/Info.plist;
				LD_RUNPATH_SEARCH_PATHS = (
					"$(inherited)",
					"@executable_path/Frameworks",
					"@loader_path/Frameworks",
				);
				PRODUCT_BUNDLE_IDENTIFIER = "com.mycompany.wat-rUITests";
				PRODUCT_NAME = "$(TARGET_NAME)";
				SWIFT_VERSION = 5.0;
				TARGETED_DEVICE_FAMILY = "1,2";
				TEST_TARGET_NAME = wat_r;
			};
			name = Release;
		};
/* End XCBuildConfiguration section */

/* Begin XCConfigurationList section */
		E75C74C325AED25500071F18 /* Build configuration list for PBXProject "wat_r" */ = {
			isa = XCConfigurationList;
			buildConfigurations = (
				E75C74F025AED25600071F18 /* Debug */,
				E75C74F125AED25600071F18 /* Release */,
			);
			defaultConfigurationIsVisible = 0;
			defaultConfigurationName = Release;
		};
		E75C74F225AED25600071F18 /* Build configuration list for PBXNativeTarget "wat_r" */ = {
			isa = XCConfigurationList;
			buildConfigurations = (
				E75C74F325AED25600071F18 /* Debug */,
				E75C74F425AED25600071F18 /* Release */,
			);
			defaultConfigurationIsVisible = 0;
			defaultConfigurationName = Release;
		};
		E75C74F525AED25600071F18 /* Build configuration list for PBXNativeTarget "wat_rTests" */ = {
			isa = XCConfigurationList;
			buildConfigurations = (
				E75C74F625AED25600071F18 /* Debug */,
				E75C74F725AED25600071F18 /* Release */,
			);
			defaultConfigurationIsVisible = 0;
			defaultConfigurationName = Release;
		};
		E75C74F825AED25600071F18 /* Build configuration list for PBXNativeTarget "wat_rUITests" */ = {
			isa = XCConfigurationList;
			buildConfigurations = (
				E75C74F925AED25600071F18 /* Debug */,
				E75C74FA25AED25600071F18 /* Release */,
			);
			defaultConfigurationIsVisible = 0;
			defaultConfigurationName = Release;
		};
/* End XCConfigurationList section */
	};
	rootObject = E75C74C025AED25500071F18 /* Project object */;
}
